
Microsoft Visual Studio Solution File, Format Version 12.00
# Visual Studio 15
VisualStudioVersion = 15.0.28307.572
MinimumVisualStudioVersion = 10.0.40219.1
Project("{FAE04EC0-301F-11D3-BF4B-00C04F79EFBC}") = "ClassWeek3", "ClassWeek3\ClassWeek3.csproj", "{C9147778-FB01-4EFB-AC16-752E086F056E}"
EndProject
Project("{FAE04EC0-301F-11D3-BF4B-00C04F79EFBC}") = "EmployeePaymentRole", "EmployeePaymentRole\EmployeePaymentRole.csproj", "{EEB53EF8-0B5A-474E-90F0-DEAE049AB393}"
EndProject
Project("{FAE04EC0-301F-11D3-BF4B-00C04F79EFBC}") = "ACM", "ACM\ACM\ACM.csproj", "{5F012B1A-7612-40F8-BAF4-027891BCF026}"
EndProject
Project("{FAE04EC0-301F-11D3-BF4B-00C04F79EFBC}") = "Polygon.Library", "Polygon.Library\Polygon.Library.csproj", "{6C38342E-C237-4725-A2A9-8A465C98248F}"
EndProject
Project("{FAE04EC0-301F-11D3-BF4B-00C04F79EFBC}") = "Week6", "Week6\Week6.csproj", "{D4C37170-EEE1-418B-9AB5-EBA7F71BEE97}"
EndProject
Project("{FAE04EC0-301F-11D3-BF4B-00C04F79EFBC}") = "ClassWork", "ClassWork\ClassWork.csproj", "{188E86A4-26F6-498A-8234-19A92EE7D704}"
EndProject
Project("{FAE04EC0-301F-11D3-BF4B-00C04F79EFBC}") = "Week7", "Week7\Week7.csproj", "{46014231-41DF-4721-B0B2-EEE971DD00EF}"
EndProject
Project("{FAE04EC0-301F-11D3-BF4B-00C04F79EFBC}") = "ContactWriters", "ContactWriters\ContactWriters.csproj", "{72010663-9176-4415-965B-B3C39B8909E8}"
EndProject
Global
	GlobalSection(SolutionConfigurationPlatforms) = preSolution
		Debug|Any CPU = Debug|Any CPU
		Release|Any CPU = Release|Any CPU
	EndGlobalSection
	GlobalSection(ProjectConfigurationPlatforms) = postSolution
		{C9147778-FB01-4EFB-AC16-752E086F056E}.Debug|Any CPU.ActiveCfg = Debug|Any CPU
		{C9147778-FB01-4EFB-AC16-752E086F056E}.Debug|Any CPU.Build.0 = Debug|Any CPU
		{C9147778-FB01-4EFB-AC16-752E086F056E}.Release|Any CPU.ActiveCfg = Release|Any CPU
		{C9147778-FB01-4EFB-AC16-752E086F056E}.Release|Any CPU.Build.0 = Release|Any CPU
		{EEB53EF8-0B5A-474E-90F0-DEAE049AB393}.Debug|Any CPU.ActiveCfg = Debug|Any CPU
		{EEB53EF8-0B5A-474E-90F0-DEAE049AB393}.Debug|Any CPU.Build.0 = Debug|Any CPU
		{EEB53EF8-0B5A-474E-90F0-DEAE049AB393}.Release|Any CPU.ActiveCfg = Release|Any CPU
		{EEB53EF8-0B5A-474E-90F0-DEAE049AB393}.Release|Any CPU.Build.0 = Release|Any CPU
		{5F012B1A-7612-40F8-BAF4-027891BCF026}.Debug|Any CPU.ActiveCfg = Debug|Any CPU
		{5F012B1A-7612-40F8-BAF4-027891BCF026}.Debug|Any CPU.Build.0 = Debug|Any CPU
		{5F012B1A-7612-40F8-BAF4-027891BCF026}.Release|Any CPU.ActiveCfg = Release|Any CPU
		{5F012B1A-7612-40F8-BAF4-027891BCF026}.Release|Any CPU.Build.0 = Release|Any CPU
		{6C38342E-C237-4725-A2A9-8A465C98248F}.Debug|Any CPU.ActiveCfg = Debug|Any CPU
		{6C38342E-C237-4725-A2A9-8A465C98248F}.Debug|Any CPU.Build.0 = Debug|Any CPU
		{6C38342E-C237-4725-A2A9-8A465C98248F}.Release|Any CPU.ActiveCfg = Release|Any CPU
		{6C38342E-C237-4725-A2A9-8A465C98248F}.Release|Any CPU.Build.0 = Release|Any CPU
		{D4C37170-EEE1-418B-9AB5-EBA7F71BEE97}.Debug|Any CPU.ActiveCfg = Debug|Any CPU
		{D4C37170-EEE1-418B-9AB5-EBA7F71BEE97}.Debug|Any CPU.Build.0 = Debug|Any CPU
		{D4C37170-EEE1-418B-9AB5-EBA7F71BEE97}.Release|Any CPU.ActiveCfg = Release|Any CPU
		{D4C37170-EEE1-418B-9AB5-EBA7F71BEE97}.Release|Any CPU.Build.0 = Release|Any CPU
		{188E86A4-26F6-498A-8234-19A92EE7D704}.Debug|Any CPU.ActiveCfg = Debug|Any CPU
		{188E86A4-26F6-498A-8234-19A92EE7D704}.Debug|Any CPU.Build.0 = Debug|Any CPU
		{188E86A4-26F6-498A-8234-19A92EE7D704}.Release|Any CPU.ActiveCfg = Release|Any CPU
		{188E86A4-26F6-498A-8234-19A92EE7D704}.Release|Any CPU.Build.0 = Release|Any CPU
		{46014231-41DF-4721-B0B2-EEE971DD00EF}.Debug|Any CPU.ActiveCfg = Debug|Any CPU
		{46014231-41DF-4721-B0B2-EEE971DD00EF}.Debug|Any CPU.Build.0 = Debug|Any CPU
		{46014231-41DF-4721-B0B2-EEE971DD00EF}.Release|Any CPU.ActiveCfg = Release|Any CPU
		{46014231-41DF-4721-B0B2-EEE971DD00EF}.Release|Any CPU.Build.0 = Release|Any CPU
		{72010663-9176-4415-965B-B3C39B8909E8}.Debug|Any CPU.ActiveCfg = Debug|Any CPU
		{72010663-9176-4415-965B-B3C39B8909E8}.Debug|Any CPU.Build.0 = Debug|Any CPU
		{72010663-9176-4415-965B-B3C39B8909E8}.Release|Any CPU.ActiveCfg = Release|Any CPU
		{72010663-9176-4415-965B-B3C39B8909E8}.Release|Any CPU.Build.0 = Release|Any CPU
	EndGlobalSection
	GlobalSection(SolutionProperties) = preSolution
		HideSolutionNode = FALSE
	EndGlobalSection
	GlobalSection(ExtensibilityGlobals) = postSolution
		SolutionGuid = {C7143A2D-E725-414A-AE4B-BA88838FB4EC}
	EndGlobalSection
EndGlobal
